github.com/HusseinSultan/funtemps v0.0.0-20230424094610-aa22c59e7004 h1:FfPQop+UeO4KvitkRSB1svyJGvIFkJv37kczT6TBpqQ=
github.com/HusseinSultan/funtemps v0.0.0-20230424094610-aa22c59e7004/go.mod h1:venYIysK/3aC//IBQGZdyvZtvpLiJ9p5cCJW+Ln+qIM=
github.com/HusseinSultan/minyr v0.0.0-20230427000122-e48c4613b31f h1:cuFv8j6IRt5AwD/dJz+Z41oEfZqWfgWal3+NEhYoSTI=
github.com/HusseinSultan/minyr v0.0.0-20230427000122-e48c4613b31f/go.mod h1:/D7q5biRP2jKlhHqb3pxrP9Ia3xpq72eqsVJJB57/7M=
