github.com/HusseinSultan/funtemps v0.0.0-20230414125319-977a4938b682 h1:M2weGp5/6c5W3gCntq/jEXpaNHeQzinJkZOEpSLG+Rc=
github.com/HusseinSultan/funtemps v0.0.0-20230414125319-977a4938b682/go.mod h1:venYIysK/3aC//IBQGZdyvZtvpLiJ9p5cCJW+Ln+qIM=
github.com/HusseinSultan/funtemps v0.0.0-20230423132930-a9de9744bd1b h1:YdTVNp502Wu61y+uH8S1UN8+otVmaO4i8U2JrpUCTUM=
github.com/HusseinSultan/funtemps v0.0.0-20230423132930-a9de9744bd1b/go.mod h1:venYIysK/3aC//IBQGZdyvZtvpLiJ9p5cCJW+Ln+qIM=
github.com/uia-worker/misc v0.0.0-20230306201706-92c01d4aa553 h1:GG7TZQikBrgnHTWPww3Pj32XzKpMQ80sCN562TgOPyo=
github.com/uia-worker/misc v0.0.0-20230306201706-92c01d4aa553/go.mod h1:KpplOC8PKuvyVl7IsIiGZGaEXNxK54Dgj0EoV7Czork=
